
Microsoft Visual Studio Solution File, Format Version 12.00
# Visual Studio Version 17
VisualStudioVersion = 17.8.34309.116
MinimumVisualStudioVersion = 10.0.40219.1
Project("{FAE04EC0-301F-11D3-BF4B-00C04F79EFBC}") = "DAL", "DAL\DAL.csproj", "{DF4C216B-AD99-4151-984A-E0FC40CC57A7}"
EndProject
Project("{FAE04EC0-301F-11D3-BF4B-00C04F79EFBC}") = "API", "API\API.csproj", "{76BCDDE0-B6A7-46AB-97F2-CC4456806C3C}"
EndProject
Global
	GlobalSection(SolutionConfigurationPlatforms) = preSolution
		Debug|Any CPU = Debug|Any CPU
		Release|Any CPU = Release|Any CPU
	EndGlobalSection
	GlobalSection(ProjectConfigurationPlatforms) = postSolution
		{DF4C216B-AD99-4151-984A-E0FC40CC57A7}.Debug|Any CPU.ActiveCfg = Debug|Any CPU
		{DF4C216B-AD99-4151-984A-E0FC40CC57A7}.Debug|Any CPU.Build.0 = Debug|Any CPU
		{DF4C216B-AD99-4151-984A-E0FC40CC57A7}.Release|Any CPU.ActiveCfg = Release|Any CPU
		{DF4C216B-AD99-4151-984A-E0FC40CC57A7}.Release|Any CPU.Build.0 = Release|Any CPU
		{76BCDDE0-B6A7-46AB-97F2-CC4456806C3C}.Debug|Any CPU.ActiveCfg = Debug|Any CPU
		{76BCDDE0-B6A7-46AB-97F2-CC4456806C3C}.Debug|Any CPU.Build.0 = Debug|Any CPU
		{76BCDDE0-B6A7-46AB-97F2-CC4456806C3C}.Release|Any CPU.ActiveCfg = Release|Any CPU
		{76BCDDE0-B6A7-46AB-97F2-CC4456806C3C}.Release|Any CPU.Build.0 = Release|Any CPU
	EndGlobalSection
	GlobalSection(SolutionProperties) = preSolution
		HideSolutionNode = FALSE
	EndGlobalSection
	GlobalSection(ExtensibilityGlobals) = postSolution
		SolutionGuid = {D0492DD0-4C61-4693-870D-A3D92139D31B}
	EndGlobalSection
EndGlobal
